
Microsoft Visual Studio Solution File, Format Version 12.00
Project("{FAE04EC0-301F-11D3-BF4B-00C04F79EFBC}") = "Skinet.Web", "src\Skinet.Web\Skinet.Web.csproj", "{D79AFFDE-8407-41EE-B699-07F123D0556A}"
EndProject
Global
	GlobalSection(SolutionConfigurationPlatforms) = preSolution
		Debug|Any CPU = Debug|Any CPU
		Release|Any CPU = Release|Any CPU
	EndGlobalSection
	GlobalSection(ProjectConfigurationPlatforms) = postSolution
		{D79AFFDE-8407-41EE-B699-07F123D0556A}.Debug|Any CPU.ActiveCfg = Debug|Any CPU
		{D79AFFDE-8407-41EE-B699-07F123D0556A}.Debug|Any CPU.Build.0 = Debug|Any CPU
		{D79AFFDE-8407-41EE-B699-07F123D0556A}.Release|Any CPU.ActiveCfg = Release|Any CPU
		{D79AFFDE-8407-41EE-B699-07F123D0556A}.Release|Any CPU.Build.0 = Release|Any CPU
	EndGlobalSection
EndGlobal
